
Microsoft Visual Studio Solution File, Format Version 12.00
# Visual Studio Version 17
VisualStudioVersion = 17.14.36616.10 d17.14
MinimumVisualStudioVersion = 10.0.40219.1
Project("{FAE04EC0-301F-11D3-BF4B-00C04F79EFBC}") = "bai2", "Bai4\bai2.csproj", "{9E8073CD-968E-455F-A56C-B1238E0EDC9E}"
EndProject
Project("{FAE04EC0-301F-11D3-BF4B-00C04F79EFBC}") = "bai1", "bai1\bai1.csproj", "{B8633E40-846B-4652-A8C1-CEE1A2B55EF9}"
EndProject
Project("{FAE04EC0-301F-11D3-BF4B-00C04F79EFBC}") = "bai3", "bai3\bai3.csproj", "{B3CE2110-50E0-40A1-835D-EAEE85F38D01}"
EndProject
Global
	GlobalSection(SolutionConfigurationPlatforms) = preSolution
		Debug|Any CPU = Debug|Any CPU
		Release|Any CPU = Release|Any CPU
	EndGlobalSection
	GlobalSection(ProjectConfigurationPlatforms) = postSolution
		{9E8073CD-968E-455F-A56C-B1238E0EDC9E}.Debug|Any CPU.ActiveCfg = Debug|Any CPU
		{9E8073CD-968E-455F-A56C-B1238E0EDC9E}.Debug|Any CPU.Build.0 = Debug|Any CPU
		{9E8073CD-968E-455F-A56C-B1238E0EDC9E}.Release|Any CPU.ActiveCfg = Release|Any CPU
		{9E8073CD-968E-455F-A56C-B1238E0EDC9E}.Release|Any CPU.Build.0 = Release|Any CPU
		{B8633E40-846B-4652-A8C1-CEE1A2B55EF9}.Debug|Any CPU.ActiveCfg = Debug|Any CPU
		{B8633E40-846B-4652-A8C1-CEE1A2B55EF9}.Debug|Any CPU.Build.0 = Debug|Any CPU
		{B8633E40-846B-4652-A8C1-CEE1A2B55EF9}.Release|Any CPU.ActiveCfg = Release|Any CPU
		{B8633E40-846B-4652-A8C1-CEE1A2B55EF9}.Release|Any CPU.Build.0 = Release|Any CPU
		{B3CE2110-50E0-40A1-835D-EAEE85F38D01}.Debug|Any CPU.ActiveCfg = Debug|Any CPU
		{B3CE2110-50E0-40A1-835D-EAEE85F38D01}.Debug|Any CPU.Build.0 = Debug|Any CPU
		{B3CE2110-50E0-40A1-835D-EAEE85F38D01}.Release|Any CPU.ActiveCfg = Release|Any CPU
		{B3CE2110-50E0-40A1-835D-EAEE85F38D01}.Release|Any CPU.Build.0 = Release|Any CPU
	EndGlobalSection
	GlobalSection(SolutionProperties) = preSolution
		HideSolutionNode = FALSE
	EndGlobalSection
	GlobalSection(ExtensibilityGlobals) = postSolution
		SolutionGuid = {69799653-5E03-4DE4-98C3-FFC6CC0CDAD4}
	EndGlobalSection
EndGlobal
