
Microsoft Visual Studio Solution File, Format Version 12.00
# Visual Studio Version 17
VisualStudioVersion = 17.14.36616.10 d17.14
MinimumVisualStudioVersion = 10.0.40219.1
Project("{FAE04EC0-301F-11D3-BF4B-00C04F79EFBC}") = "Bai1VeNha", "Bai1VeNha\Bai1VeNha.csproj", "{A995D268-4E81-47BF-AE87-6F20DFABDEFC}"
EndProject
Global
	GlobalSection(SolutionConfigurationPlatforms) = preSolution
		Debug|Any CPU = Debug|Any CPU
		Release|Any CPU = Release|Any CPU
	EndGlobalSection
	GlobalSection(ProjectConfigurationPlatforms) = postSolution
		{A995D268-4E81-47BF-AE87-6F20DFABDEFC}.Debug|Any CPU.ActiveCfg = Debug|Any CPU
		{A995D268-4E81-47BF-AE87-6F20DFABDEFC}.Debug|Any CPU.Build.0 = Debug|Any CPU
		{A995D268-4E81-47BF-AE87-6F20DFABDEFC}.Release|Any CPU.ActiveCfg = Release|Any CPU
		{A995D268-4E81-47BF-AE87-6F20DFABDEFC}.Release|Any CPU.Build.0 = Release|Any CPU
	EndGlobalSection
	GlobalSection(SolutionProperties) = preSolution
		HideSolutionNode = FALSE
	EndGlobalSection
	GlobalSection(ExtensibilityGlobals) = postSolution
		SolutionGuid = {1C1A6E96-1A9F-4480-A76D-4A901CECBF92}
	EndGlobalSection
EndGlobal
